$begin 'ConnectionParameters'
	DesktopProcessID=4932
	DesktopProcessPath='C:\\Program Files\\AnsysEM\\AnsysEM15.0\\Win64\\simplorer.exe'
	LaunchedByWB=false
	$begin 'DesktopStubBlock'
		$begin 'CommDetails'
			TransportType=1
			IPAddress='118.138.154.37'
			ListenPort='61296'
		$end 'CommDetails'
		$begin 'Marshall'
			InstanceID=503
			ProcID=4932
			InterfaceID=1
			FactoryIntID='DesktopInterfaceForWBProxyStubFactory'
		$end 'Marshall'
	$end 'DesktopStubBlock'
	$begin 'DesktopBackgroundObjStubBlock'
		$begin 'CommDetails'
			TransportType=1
			IPAddress='118.138.154.37'
			ListenPort='61296'
		$end 'CommDetails'
		$begin 'Marshall'
			InstanceID=505
			ProcID=4932
			InterfaceID=2
			FactoryIntID='DesktopInterfaceForWBProxyStubFactory'
		$end 'Marshall'
	$end 'DesktopBackgroundObjStubBlock'
$end 'ConnectionParameters'
